<?xml version="1.0" encoding="utf-8"?>
<Project ToolsVersion="4.0" xmlns="http://schemas.microsoft.com/developer/msbuild/2003">
  <ItemGroup>
    <Filter Include="Source Files">
      <UniqueIdentifier>{4FC737F1-C7A5-4376-A066-2A32D752A2FF}</UniqueIdentifier>
      <Extensions>cpp;c;cc;cxx;c++;cppm;ixx;def;odl;idl;hpj;bat;asm;asmx</Extensions>
    </Filter>
    <Filter Include="Header Files">
      <UniqueIdentifier>{93995380-89BD-4b04-88EB-625FBE52EBFB}</UniqueIdentifier>
      <Extensions>h;hh;hpp;hxx;h++;hm;inl;inc;ipp;xsd</Extensions>
    </Filter>
    <Filter Include="Resource Files">
      <UniqueIdentifier>{67DA6AB6-F800-4c08-8B7A-83BB121AAD01}</UniqueIdentifier>
      <Extensions>rc;ico;cur;bmp;dlg;rc2;rct;bin;rgs;gif;jpg;jpeg;jpe;resx;tiff;tif;png;wav;mfcribbon-ms</Extensions>
    </Filter>
    <Filter Include="Source Files\Maths">
      <UniqueIdentifier>{f48cfedb-74f7-48a6-8a21-fce6c4b102a6}</UniqueIdentifier>
    </Filter>
    <Filter Include="Source Files\Engine">
      <UniqueIdentifier>{ecc834a0-80ef-4fb2-b4c7-b92ac0ee6d52}</UniqueIdentifier>
    </Filter>
    <Filter Include="Source Files\Components">
      <UniqueIdentifier>{93d263e4-083a-41f8-80e7-e4ba6a13b7df}</UniqueIdentifier>
    </Filter>
    <Filter Include="Source Files\Actors">
      <UniqueIdentifier>{bd4e7329-4334-4189-90ec-320ad06464b7}</UniqueIdentifier>
    </Filter>
    <Filter Include="Header Files\Actors">
      <UniqueIdentifier>{726cc4fb-3578-4037-a17a-c9e3443edcd4}</UniqueIdentifier>
    </Filter>
    <Filter Include="Header Files\Components">
      <UniqueIdentifier>{94514ab7-0523-45b5-854c-ea4b5e058a44}</UniqueIdentifier>
    </Filter>
    <Filter Include="Header Files\Maths">
      <UniqueIdentifier>{15bd39f0-abe4-4ab9-8e7b-0b6bd244b51d}</UniqueIdentifier>
    </Filter>
    <Filter Include="Header Files\Engine">
      <UniqueIdentifier>{444f8ffe-3dd3-4956-b101-5a1cb30e1321}</UniqueIdentifier>
    </Filter>
    <Filter Include="Header Files\Game Specific">
      <UniqueIdentifier>{717e36df-df54-43b1-80b3-03ee571dbea9}</UniqueIdentifier>
    </Filter>
    <Filter Include="Resource Files\Textures">
      <UniqueIdentifier>{23add1a8-48e0-4559-a4fd-640b5dae473d}</UniqueIdentifier>
    </Filter>
    <Filter Include="Resource Files\Fonts">
      <UniqueIdentifier>{0715a88b-4b81-455f-b0da-64b604b13c38}</UniqueIdentifier>
    </Filter>
    <Filter Include="Resource Files\Icone">
      <UniqueIdentifier>{f2eb975f-d44e-4d71-aca4-2d8568aebccd}</UniqueIdentifier>
    </Filter>
  </ItemGroup>
  <ItemGroup>
    <ClCompile Include="Source Files\Actors\ControllerActor.cpp">
      <Filter>Source Files\Actors</Filter>
    </ClCompile>
    <ClCompile Include="Source Files\Actors\FruitActor.cpp">
      <Filter>Source Files\Actors</Filter>
    </ClCompile>
    <ClCompile Include="Source Files\Components\AnimSpriteComponent.cpp">
      <Filter>Source Files\Components</Filter>
    </ClCompile>
    <ClCompile Include="Source Files\Components\BackgroundSpriteComponent.cpp">
      <Filter>Source Files\Components</Filter>
    </ClCompile>
    <ClCompile Include="Source Files\Components\CircleMoveComponent.cpp">
      <Filter>Source Files\Components</Filter>
    </ClCompile>
    <ClCompile Include="Source Files\Components\CircleComponent.cpp">
      <Filter>Source Files\Components</Filter>
    </ClCompile>
    <ClCompile Include="Source Files\Components\ControllerInputComponent.cpp">
      <Filter>Source Files\Components</Filter>
    </ClCompile>
    <ClCompile Include="Source Files\Components\ControllerMoveComponent.cpp">
      <Filter>Source Files\Components</Filter>
    </ClCompile>
    <ClCompile Include="Source Files\Components\InputComponent.cpp">
      <Filter>Source Files\Components</Filter>
    </ClCompile>
    <ClCompile Include="Source Files\Components\MoveComponent.cpp">
      <Filter>Source Files\Components</Filter>
    </ClCompile>
    <ClCompile Include="Source Files\Components\Rectangle.cpp">
      <Filter>Source Files\Components</Filter>
    </ClCompile>
    <ClCompile Include="Source Files\Components\SpriteComponent.cpp">
      <Filter>Source Files\Components</Filter>
    </ClCompile>
    <ClCompile Include="Source Files\Components\UIMovementComponent.cpp">
      <Filter>Source Files\Components</Filter>
    </ClCompile>
    <ClCompile Include="Source Files\Engine\Actor.cpp">
      <Filter>Source Files\Engine</Filter>
    </ClCompile>
    <ClCompile Include="Source Files\Engine\Assets.cpp">
      <Filter>Source Files\Engine</Filter>
    </ClCompile>
    <ClCompile Include="Source Files\Engine\Component.cpp">
      <Filter>Source Files\Engine</Filter>
    </ClCompile>
    <ClCompile Include="Source Files\Engine\ControllerState.cpp">
      <Filter>Source Files\Engine</Filter>
    </ClCompile>
    <ClCompile Include="Source Files\Engine\Font.cpp">
      <Filter>Source Files\Engine</Filter>
    </ClCompile>
    <ClCompile Include="Source Files\Engine\Game.cpp">
      <Filter>Source Files\Engine</Filter>
    </ClCompile>
    <ClCompile Include="Source Files\Engine\InputSystem.cpp">
      <Filter>Source Files\Engine</Filter>
    </ClCompile>
    <ClCompile Include="Source Files\Engine\KeyboardState.cpp">
      <Filter>Source Files\Engine</Filter>
    </ClCompile>
    <ClCompile Include="Source Files\Engine\Log.cpp">
      <Filter>Source Files\Engine</Filter>
    </ClCompile>
    <ClCompile Include="Source Files\Engine\Main.cpp">
      <Filter>Source Files\Engine</Filter>
    </ClCompile>
    <ClCompile Include="Source Files\Engine\MouseState.cpp">
      <Filter>Source Files\Engine</Filter>
    </ClCompile>
    <ClCompile Include="Source Files\Engine\Physics.cpp">
      <Filter>Source Files\Engine</Filter>
    </ClCompile>
    <ClCompile Include="Source Files\Engine\Renderer.cpp">
      <Filter>Source Files\Engine</Filter>
    </ClCompile>
    <ClCompile Include="Source Files\Engine\Texture.cpp">
      <Filter>Source Files\Engine</Filter>
    </ClCompile>
    <ClCompile Include="Source Files\Engine\Timer.cpp">
      <Filter>Source Files\Engine</Filter>
    </ClCompile>
    <ClCompile Include="Source Files\Engine\UIScreen.cpp">
      <Filter>Source Files\Engine</Filter>
    </ClCompile>
    <ClCompile Include="Source Files\Engine\Window.cpp">
      <Filter>Source Files\Engine</Filter>
    </ClCompile>
    <ClCompile Include="Source Files\Maths\Vector3.cpp">
      <Filter>Source Files\Maths</Filter>
    </ClCompile>
    <ClCompile Include="Source Files\Maths\Random.cpp">
      <Filter>Source Files\Maths</Filter>
    </ClCompile>
    <ClCompile Include="Source Files\Maths\Vector2.cpp">
      <Filter>Source Files\Maths</Filter>
    </ClCompile>
  </ItemGroup>
  <ItemGroup>
    <ClInclude Include="Header Files\Actors\ControllerActor.h">
      <Filter>Header Files\Actors</Filter>
    </ClInclude>
    <ClInclude Include="Header Files\Actors\FruitActor.h">
      <Filter>Header Files\Actors</Filter>
    </ClInclude>
    <ClInclude Include="Header Files\Components\AnimSpriteComponent.h">
      <Filter>Header Files\Components</Filter>
    </ClInclude>
    <ClInclude Include="Header Files\Components\BackgroundSpriteComponent.h">
      <Filter>Header Files\Components</Filter>
    </ClInclude>
    <ClInclude Include="Header Files\Components\CircleComponent.h">
      <Filter>Header Files\Components</Filter>
    </ClInclude>
    <ClInclude Include="Header Files\Components\CircleMoveComponent.h">
      <Filter>Header Files\Components</Filter>
    </ClInclude>
    <ClInclude Include="Header Files\Components\ControllerInputComponent.h">
      <Filter>Header Files\Components</Filter>
    </ClInclude>
    <ClInclude Include="Header Files\Components\ControllerMoveComponent.h">
      <Filter>Header Files\Components</Filter>
    </ClInclude>
    <ClInclude Include="Header Files\Components\InputComponent.h">
      <Filter>Header Files\Components</Filter>
    </ClInclude>
    <ClInclude Include="Header Files\Components\MoveComponent.h">
      <Filter>Header Files\Components</Filter>
    </ClInclude>
    <ClInclude Include="Header Files\Components\Rectangle.h">
      <Filter>Header Files\Components</Filter>
    </ClInclude>
    <ClInclude Include="Header Files\Components\SpriteComponent.h">
      <Filter>Header Files\Components</Filter>
    </ClInclude>
    <ClInclude Include="Header Files\Components\UIMovementComponent.h">
      <Filter>Header Files\Components</Filter>
    </ClInclude>
    <ClInclude Include="Header Files\Engine\Actor.h">
      <Filter>Header Files\Engine</Filter>
    </ClInclude>
    <ClInclude Include="Header Files\Engine\Assets.h">
      <Filter>Header Files\Engine</Filter>
    </ClInclude>
    <ClInclude Include="Header Files\Engine\Component.h">
      <Filter>Header Files\Engine</Filter>
    </ClInclude>
    <ClInclude Include="Header Files\Engine\ControllerState.h">
      <Filter>Header Files\Engine</Filter>
    </ClInclude>
    <ClInclude Include="Header Files\Engine\Font.h">
      <Filter>Header Files\Engine</Filter>
    </ClInclude>
    <ClInclude Include="Header Files\Engine\Game.h">
      <Filter>Header Files\Engine</Filter>
    </ClInclude>
    <ClInclude Include="Header Files\Engine\InputSystem.h">
      <Filter>Header Files\Engine</Filter>
    </ClInclude>
    <ClInclude Include="Header Files\Engine\KeyboardState.h">
      <Filter>Header Files\Engine</Filter>
    </ClInclude>
    <ClInclude Include="Header Files\Engine\Log.h">
      <Filter>Header Files\Engine</Filter>
    </ClInclude>
    <ClInclude Include="Header Files\Engine\MouseState.h">
      <Filter>Header Files\Engine</Filter>
    </ClInclude>
    <ClInclude Include="Header Files\Engine\Physics.h">
      <Filter>Header Files\Engine</Filter>
    </ClInclude>
    <ClInclude Include="Header Files\Engine\Renderer.h">
      <Filter>Header Files\Engine</Filter>
    </ClInclude>
    <ClInclude Include="Header Files\Engine\Texture.h">
      <Filter>Header Files\Engine</Filter>
    </ClInclude>
    <ClInclude Include="Header Files\Engine\Timer.h">
      <Filter>Header Files\Engine</Filter>
    </ClInclude>
    <ClInclude Include="Header Files\Engine\UIScreen.h">
      <Filter>Header Files\Engine</Filter>
    </ClInclude>
    <ClInclude Include="Header Files\Engine\Window.h">
      <Filter>Header Files\Engine</Filter>
    </ClInclude>
    <ClInclude Include="Header Files\Game Specific\Color.h">
      <Filter>Header Files\Game Specific</Filter>
    </ClInclude>
    <ClInclude Include="Header Files\Game Specific\Fruit.h">
      <Filter>Header Files\Game Specific</Filter>
    </ClInclude>
    <ClInclude Include="Header Files\Maths\Maths.h">
      <Filter>Header Files\Maths</Filter>
    </ClInclude>
    <ClInclude Include="Header Files\Maths\Vector3.h">
      <Filter>Header Files\Maths</Filter>
    </ClInclude>
    <ClInclude Include="Header Files\Maths\Random.h">
      <Filter>Header Files\Maths</Filter>
    </ClInclude>
    <ClInclude Include="Header Files\Maths\Vector2.h">
      <Filter>Header Files\Maths</Filter>
    </ClInclude>
    <ClInclude Include="Resource Files\Icone\resource.h">
      <Filter>Resource Files\Icone</Filter>
    </ClInclude>
  </ItemGroup>
  <ItemGroup>
    <Font Include="Resource Files\Fonts\Carlito-Regular.ttf">
      <Filter>Resource Files\Fonts</Filter>
    </Font>
    <Font Include="Resource Files\Fonts\Cute-Dino.ttf">
      <Filter>Resource Files\Fonts</Filter>
    </Font>
  </ItemGroup>
  <ItemGroup>
    <Image Include="Resource Files\Textures\Apple.png">
      <Filter>Resource Files\Textures</Filter>
    </Image>
    <Image Include="Resource Files\Textures\Border.png">
      <Filter>Resource Files\Textures</Filter>
    </Image>
    <Image Include="Resource Files\Textures\Bubble.png">
      <Filter>Resource Files\Textures</Filter>
    </Image>
    <Image Include="Resource Files\Textures\Cherry.png">
      <Filter>Resource Files\Textures</Filter>
    </Image>
    <Image Include="Resource Files\Textures\Cloud.png">
      <Filter>Resource Files\Textures</Filter>
    </Image>
    <Image Include="Resource Files\Textures\Dekopon.png">
      <Filter>Resource Files\Textures</Filter>
    </Image>
    <Image Include="Resource Files\Textures\EvolutionCircle.png">
      <Filter>Resource Files\Textures</Filter>
    </Image>
    <Image Include="Resource Files\Textures\Fruit.png">
      <Filter>Resource Files\Textures</Filter>
    </Image>
    <Image Include="Resource Files\Textures\Grape.png">
      <Filter>Resource Files\Textures</Filter>
    </Image>
    <Image Include="Resource Files\Textures\LineTrail.png">
      <Filter>Resource Files\Textures</Filter>
    </Image>
    <Image Include="Resource Files\Textures\Melon.png">
      <Filter>Resource Files\Textures</Filter>
    </Image>
    <Image Include="Resource Files\Textures\Orange.png">
      <Filter>Resource Files\Textures</Filter>
    </Image>
    <Image Include="Resource Files\Textures\Peach.png">
      <Filter>Resource Files\Textures</Filter>
    </Image>
    <Image Include="Resource Files\Textures\Pear.png">
      <Filter>Resource Files\Textures</Filter>
    </Image>
    <Image Include="Resource Files\Textures\Pineapple.png">
      <Filter>Resource Files\Textures</Filter>
    </Image>
    <Image Include="Resource Files\Textures\Strawberry.png">
      <Filter>Resource Files\Textures</Filter>
    </Image>
    <Image Include="Resource Files\Textures\Watermelon.png">
      <Filter>Resource Files\Textures</Filter>
    </Image>
    <Image Include="Resource Files\Icone\SuikaGame.ico">
      <Filter>Resource Files\Icone</Filter>
    </Image>
  </ItemGroup>
</Project>